
Microsoft Visual Studio Solution File, Format Version 12.00
# Visual Studio 15
VisualStudioVersion = 15.0.28307.779
MinimumVisualStudioVersion = 10.0.40219.1
Project("{8BC9CEB8-8B4A-11D0-8D11-00A0C91BC942}") = "FactoryTest", "FactoryTest\FactoryTest.vcxproj", "{DFF763D0-DF93-476D-81FD-AA76637FFE0F}"
EndProject
Global
	GlobalSection(SolutionConfigurationPlatforms) = preSolution
		Debug|x64 = Debug|x64
		Debug|x86 = Debug|x86
		Release|x64 = Release|x64
		Release|x86 = Release|x86
	EndGlobalSection
	GlobalSection(ProjectConfigurationPlatforms) = postSolution
		{DFF763D0-DF93-476D-81FD-AA76637FFE0F}.Debug|x64.ActiveCfg = Debug|x64
		{DFF763D0-DF93-476D-81FD-AA76637FFE0F}.Debug|x64.Build.0 = Debug|x64
		{DFF763D0-DF93-476D-81FD-AA76637FFE0F}.Debug|x86.ActiveCfg = Debug|Win32
		{DFF763D0-DF93-476D-81FD-AA76637FFE0F}.Debug|x86.Build.0 = Debug|Win32
		{DFF763D0-DF93-476D-81FD-AA76637FFE0F}.Release|x64.ActiveCfg = Release|x64
		{DFF763D0-DF93-476D-81FD-AA76637FFE0F}.Release|x64.Build.0 = Release|x64
		{DFF763D0-DF93-476D-81FD-AA76637FFE0F}.Release|x86.ActiveCfg = Release|Win32
		{DFF763D0-DF93-476D-81FD-AA76637FFE0F}.Release|x86.Build.0 = Release|Win32
	EndGlobalSection
	GlobalSection(SolutionProperties) = preSolution
		HideSolutionNode = FALSE
	EndGlobalSection
	GlobalSection(ExtensibilityGlobals) = postSolution
		SolutionGuid = {6474E2E2-F2B9-47F2-B2AA-102CF9105584}
	EndGlobalSection
EndGlobal
